// !$*UTF8*$!
{
	archiveVersion = 1;
	classes = {
	};
	objectVersion = 52;
	objects = {

/* Begin PBXBuildFile section */
		285FECB67C2311471C2CD119 /* AdMobANE_LIB.m in Sources */ = {isa = PBXBuildFile; fileRef = 285FE6D7F3D6356FA03A26C0 /* AdMobANE_LIB.m */; platformFilter = ios; };
		90326851210E39D800B5A1B2 /* URL.swift in Sources */ = {isa = PBXBuildFile; fileRef = 90326850210E39D800B5A1B2 /* URL.swift */; platformFilter = ios; };
		907FA0302396D90B00A02384 /* SwiftyJSON in Frameworks */ = {isa = PBXBuildFile; platformFilter = ios; productRef = 907FA02F2396D90B00A02384 /* SwiftyJSON */; };
		90D0DE5E250BD2CF00EE6302 /* GoogleUtilities.xcframework in Frameworks */ = {isa = PBXBuildFile; fileRef = 90D0DE5D250BD2CE00EE6302 /* GoogleUtilities.xcframework */; platformFilter = ios; };
		90D0DE60250BD2DF00EE6302 /* nanopb.xcframework in Frameworks */ = {isa = PBXBuildFile; fileRef = 90D0DE5F250BD2DF00EE6302 /* nanopb.xcframework */; platformFilter = ios; };
		90D0DE62250BD2EF00EE6302 /* PromisesObjC.xcframework in Frameworks */ = {isa = PBXBuildFile; fileRef = 90D0DE61250BD2EF00EE6302 /* PromisesObjC.xcframework */; platformFilter = ios; };
		90D0DE64250BD2FA00EE6302 /* UserMessagingPlatform.framework in Frameworks */ = {isa = PBXBuildFile; fileRef = 90D0DE63250BD2FA00EE6302 /* UserMessagingPlatform.framework */; platformFilter = ios; };
		90D0DE66250BD34300EE6302 /* ConsentController.swift in Sources */ = {isa = PBXBuildFile; fileRef = 90D0DE65250BD34300EE6302 /* ConsentController.swift */; platformFilter = ios; };
		90D0DE69250C11D700EE6302 /* FreUMPDebugSettings.swift in Sources */ = {isa = PBXBuildFile; fileRef = 90D0DE68250C11D700EE6302 /* FreUMPDebugSettings.swift */; };
		90D0DE6B250C12B600EE6302 /* FreUMPRequestParameters.swift in Sources */ = {isa = PBXBuildFile; fileRef = 90D0DE6A250C12B600EE6302 /* FreUMPRequestParameters.swift */; };
		90D0DE6E250C15D000EE6302 /* ConsentEvent.swift in Sources */ = {isa = PBXBuildFile; fileRef = 90D0DE6D250C15D000EE6302 /* ConsentEvent.swift */; };
		90D0DE70250C160900EE6302 /* FreNSError.swift in Sources */ = {isa = PBXBuildFile; fileRef = 90D0DE6F250C160900EE6302 /* FreNSError.swift */; };
		90FAB91323AE53AC00572B20 /* GoogleMobileAds.framework in Frameworks */ = {isa = PBXBuildFile; fileRef = CE46CA6C1F5B6C050067794D /* GoogleMobileAds.framework */; platformFilter = ios; };
		90FAB92023AE8C7600572B20 /* GoogleAppMeasurement.framework in Frameworks */ = {isa = PBXBuildFile; fileRef = 90FAB91F23AE8C7600572B20 /* GoogleAppMeasurement.framework */; platformFilter = ios; };
		CE164B221F6C5A5C00035B1E /* FreMacros.h in Headers */ = {isa = PBXBuildFile; fileRef = CE164B211F6C5A5C00035B1E /* FreMacros.h */; platformFilter = ios; };
		CE3311B51FCA3AA90032F25E /* FreSwift.framework in Frameworks */ = {isa = PBXBuildFile; fileRef = CE3311B41FCA3AA90032F25E /* FreSwift.framework */; platformFilter = ios; };
		CE39808E1E58BAA90062485B /* AdMobANE_FW.h in Headers */ = {isa = PBXBuildFile; fileRef = CE39808C1E58BAA90062485B /* AdMobANE_FW.h */; platformFilter = ios; settings = {ATTRIBUTES = (Public, ); }; };
		CE3980981E58BB070062485B /* SwiftController.swift in Sources */ = {isa = PBXBuildFile; fileRef = CE3980971E58BB070062485B /* SwiftController.swift */; platformFilter = ios; };
		CE3980AD1E58BF3F0062485B /* AdMobANE_FW.framework in Frameworks */ = {isa = PBXBuildFile; fileRef = CE39808A1E58BAA90062485B /* AdMobANE_FW.framework */; platformFilter = ios; };
		CE43C32F1F5CA4E1002170F2 /* InterstitialController.swift in Sources */ = {isa = PBXBuildFile; fileRef = CE43C32E1F5CA4E1002170F2 /* InterstitialController.swift */; platformFilter = ios; };
		CE46CA701F5B73650067794D /* Targeting.swift in Sources */ = {isa = PBXBuildFile; fileRef = CE46CA6F1F5B73650067794D /* Targeting.swift */; platformFilter = ios; };
		CE827F7C1F5C041F0041D809 /* BannerController.swift in Sources */ = {isa = PBXBuildFile; fileRef = CE827F7B1F5C041F0041D809 /* BannerController.swift */; platformFilter = ios; };
		CE8BC49520B192D3009164ED /* SwiftController+FreSwift.swift in Sources */ = {isa = PBXBuildFile; fileRef = CE8BC49420B192D3009164ED /* SwiftController+FreSwift.swift */; platformFilter = ios; };
		CE95E4931F6D745500BC0F46 /* RewardVideoController.swift in Sources */ = {isa = PBXBuildFile; fileRef = CE95E4921F6D745500BC0F46 /* RewardVideoController.swift */; platformFilter = ios; };
		CEB5ED151F5C56F900AE8B16 /* Constants.swift in Sources */ = {isa = PBXBuildFile; fileRef = CEB5ED141F5C56F900AE8B16 /* Constants.swift */; platformFilter = ios; };
		CEB5ED171F5C578500AE8B16 /* Position.swift in Sources */ = {isa = PBXBuildFile; fileRef = CEB5ED161F5C578500AE8B16 /* Position.swift */; platformFilter = ios; };
/* End PBXBuildFile section */

/* Begin PBXContainerItemProxy section */
		CE3980B01E58C08A0062485B /* PBXContainerItemProxy */ = {
			isa = PBXContainerItemProxy;
			containerPortal = CE3980631E58BA7F0062485B /* Project object */;
			proxyType = 1;
			remoteGlobalIDString = CE3980891E58BAA90062485B;
			remoteInfo = SwiftIOSANE_FW;
		};
/* End PBXContainerItemProxy section */

/* Begin PBXFileReference section */
		285FE6D7F3D6356FA03A26C0 /* AdMobANE_LIB.m */ = {isa = PBXFileReference; fileEncoding = 4; lastKnownFileType = sourcecode.c.objc; path = AdMobANE_LIB.m; sourceTree = "<group>"; };
		285FEBB3CADF8D704FAB5E4D /* AdMobANE_LIB.h */ = {isa = PBXFileReference; fileEncoding = 4; lastKnownFileType = sourcecode.c.h; path = AdMobANE_LIB.h; sourceTree = "<group>"; };
		90326850210E39D800B5A1B2 /* URL.swift */ = {isa = PBXFileReference; lastKnownFileType = sourcecode.swift; path = URL.swift; sourceTree = "<group>"; };
		906FE53C23B18DAC009A0559 /* Info.plist */ = {isa = PBXFileReference; lastKnownFileType = text.plist.xml; path = Info.plist; sourceTree = "<group>"; };
		907FA0312396D95D00A02384 /* .swiftlint.yml */ = {isa = PBXFileReference; lastKnownFileType = text.yaml; path = .swiftlint.yml; sourceTree = "<group>"; };
		90D0DE5D250BD2CE00EE6302 /* GoogleUtilities.xcframework */ = {isa = PBXFileReference; lastKnownFileType = wrapper.xcframework; name = GoogleUtilities.xcframework; path = Frameworks/GoogleUtilities.xcframework; sourceTree = "<group>"; };
		90D0DE5F250BD2DF00EE6302 /* nanopb.xcframework */ = {isa = PBXFileReference; lastKnownFileType = wrapper.xcframework; name = nanopb.xcframework; path = Frameworks/nanopb.xcframework; sourceTree = "<group>"; };
		90D0DE61250BD2EF00EE6302 /* PromisesObjC.xcframework */ = {isa = PBXFileReference; lastKnownFileType = wrapper.xcframework; name = PromisesObjC.xcframework; path = Frameworks/PromisesObjC.xcframework; sourceTree = "<group>"; };
		90D0DE63250BD2FA00EE6302 /* UserMessagingPlatform.framework */ = {isa = PBXFileReference; lastKnownFileType = wrapper.framework; name = UserMessagingPlatform.framework; path = Frameworks/UserMessagingPlatform.framework; sourceTree = "<group>"; };
		90D0DE65250BD34300EE6302 /* ConsentController.swift */ = {isa = PBXFileReference; lastKnownFileType = sourcecode.swift; path = ConsentController.swift; sourceTree = "<group>"; };
		90D0DE68250C11D700EE6302 /* FreUMPDebugSettings.swift */ = {isa = PBXFileReference; lastKnownFileType = sourcecode.swift; path = FreUMPDebugSettings.swift; sourceTree = "<group>"; };
		90D0DE6A250C12B600EE6302 /* FreUMPRequestParameters.swift */ = {isa = PBXFileReference; lastKnownFileType = sourcecode.swift; path = FreUMPRequestParameters.swift; sourceTree = "<group>"; };
		90D0DE6D250C15D000EE6302 /* ConsentEvent.swift */ = {isa = PBXFileReference; lastKnownFileType = sourcecode.swift; path = ConsentEvent.swift; sourceTree = "<group>"; };
		90D0DE6F250C160900EE6302 /* FreNSError.swift */ = {isa = PBXFileReference; lastKnownFileType = sourcecode.swift; path = FreNSError.swift; sourceTree = "<group>"; };
		90FAB91F23AE8C7600572B20 /* GoogleAppMeasurement.framework */ = {isa = PBXFileReference; lastKnownFileType = wrapper.framework; name = GoogleAppMeasurement.framework; path = Frameworks/GoogleAppMeasurement.framework; sourceTree = "<group>"; };
		CE164B211F6C5A5C00035B1E /* FreMacros.h */ = {isa = PBXFileReference; fileEncoding = 4; lastKnownFileType = sourcecode.c.h; path = FreMacros.h; sourceTree = "<group>"; };
		CE3311B41FCA3AA90032F25E /* FreSwift.framework */ = {isa = PBXFileReference; lastKnownFileType = wrapper.framework; name = FreSwift.framework; path = Carthage/Build/iOS/FreSwift.framework; sourceTree = "<group>"; };
		CE39808A1E58BAA90062485B /* AdMobANE_FW.framework */ = {isa = PBXFileReference; explicitFileType = wrapper.framework; includeInIndex = 0; path = AdMobANE_FW.framework; sourceTree = BUILT_PRODUCTS_DIR; };
		CE39808C1E58BAA90062485B /* AdMobANE_FW.h */ = {isa = PBXFileReference; lastKnownFileType = sourcecode.c.h; path = AdMobANE_FW.h; sourceTree = "<group>"; };
		CE3980971E58BB070062485B /* SwiftController.swift */ = {isa = PBXFileReference; fileEncoding = 4; indentWidth = 4; lastKnownFileType = sourcecode.swift; path = SwiftController.swift; sourceTree = "<group>"; tabWidth = 4; };
		CE39809F1E58BEE10062485B /* libAdMobANE_LIB.a */ = {isa = PBXFileReference; explicitFileType = archive.ar; includeInIndex = 0; path = libAdMobANE_LIB.a; sourceTree = BUILT_PRODUCTS_DIR; };
		CE43C32E1F5CA4E1002170F2 /* InterstitialController.swift */ = {isa = PBXFileReference; fileEncoding = 4; lastKnownFileType = sourcecode.swift; path = InterstitialController.swift; sourceTree = "<group>"; };
		CE46CA6C1F5B6C050067794D /* GoogleMobileAds.framework */ = {isa = PBXFileReference; lastKnownFileType = wrapper.framework; name = GoogleMobileAds.framework; path = Frameworks/GoogleMobileAds.framework; sourceTree = "<group>"; };
		CE46CA6F1F5B73650067794D /* Targeting.swift */ = {isa = PBXFileReference; fileEncoding = 4; lastKnownFileType = sourcecode.swift; path = Targeting.swift; sourceTree = "<group>"; };
		CE827F7B1F5C041F0041D809 /* BannerController.swift */ = {isa = PBXFileReference; fileEncoding = 4; lastKnownFileType = sourcecode.swift; path = BannerController.swift; sourceTree = "<group>"; };
		CE8BC49420B192D3009164ED /* SwiftController+FreSwift.swift */ = {isa = PBXFileReference; lastKnownFileType = sourcecode.swift; path = "SwiftController+FreSwift.swift"; sourceTree = "<group>"; };
		CE95E4921F6D745500BC0F46 /* RewardVideoController.swift */ = {isa = PBXFileReference; fileEncoding = 4; lastKnownFileType = sourcecode.swift; path = RewardVideoController.swift; sourceTree = "<group>"; };
		CEB5ED141F5C56F900AE8B16 /* Constants.swift */ = {isa = PBXFileReference; fileEncoding = 4; lastKnownFileType = sourcecode.swift; path = Constants.swift; sourceTree = "<group>"; };
		CEB5ED161F5C578500AE8B16 /* Position.swift */ = {isa = PBXFileReference; fileEncoding = 4; lastKnownFileType = sourcecode.swift; path = Position.swift; sourceTree = "<group>"; };
/* End PBXFileReference section */

/* Begin PBXFrameworksBuildPhase section */
		CE3980861E58BAA90062485B /* Frameworks */ = {
			isa = PBXFrameworksBuildPhase;
			buildActionMask = 2147483647;
			files = (
				90FAB91323AE53AC00572B20 /* GoogleMobileAds.framework in Frameworks */,
				90D0DE5E250BD2CF00EE6302 /* GoogleUtilities.xcframework in Frameworks */,
				907FA0302396D90B00A02384 /* SwiftyJSON in Frameworks */,
				90D0DE62250BD2EF00EE6302 /* PromisesObjC.xcframework in Frameworks */,
				90FAB92023AE8C7600572B20 /* GoogleAppMeasurement.framework in Frameworks */,
				90D0DE64250BD2FA00EE6302 /* UserMessagingPlatform.framework in Frameworks */,
				CE3311B51FCA3AA90032F25E /* FreSwift.framework in Frameworks */,
				90D0DE60250BD2DF00EE6302 /* nanopb.xcframework in Frameworks */,
			);
			runOnlyForDeploymentPostprocessing = 0;
		};
		CE39809C1E58BEE10062485B /* Frameworks */ = {
			isa = PBXFrameworksBuildPhase;
			buildActionMask = 2147483647;
			files = (
				CE3980AD1E58BF3F0062485B /* AdMobANE_FW.framework in Frameworks */,
			);
			runOnlyForDeploymentPostprocessing = 0;
		};
/* End PBXFrameworksBuildPhase section */

/* Begin PBXGroup section */
		906FE53A23B18C35009A0559 /* AdMobANE */ = {
			isa = PBXGroup;
			children = (
				90D0DE6C250C15B800EE6302 /* Events */,
				90D0DE67250C11B300EE6302 /* Extensions */,
				906FE53E23B18E0D009A0559 /* Headers */,
				906FE53D23B18DB0009A0559 /* Misc */,
				CE3980971E58BB070062485B /* SwiftController.swift */,
				CE827F7B1F5C041F0041D809 /* BannerController.swift */,
				CE43C32E1F5CA4E1002170F2 /* InterstitialController.swift */,
				CE95E4921F6D745500BC0F46 /* RewardVideoController.swift */,
				CE8BC49420B192D3009164ED /* SwiftController+FreSwift.swift */,
				CE46CA6F1F5B73650067794D /* Targeting.swift */,
				CEB5ED141F5C56F900AE8B16 /* Constants.swift */,
				CEB5ED161F5C578500AE8B16 /* Position.swift */,
				90326850210E39D800B5A1B2 /* URL.swift */,
				285FE6D7F3D6356FA03A26C0 /* AdMobANE_LIB.m */,
				90D0DE65250BD34300EE6302 /* ConsentController.swift */,
			);
			path = AdMobANE;
			sourceTree = "<group>";
		};
		906FE53D23B18DB0009A0559 /* Misc */ = {
			isa = PBXGroup;
			children = (
				906FE53C23B18DAC009A0559 /* Info.plist */,
			);
			path = Misc;
			sourceTree = "<group>";
		};
		906FE53E23B18E0D009A0559 /* Headers */ = {
			isa = PBXGroup;
			children = (
				285FEBB3CADF8D704FAB5E4D /* AdMobANE_LIB.h */,
				CE39808C1E58BAA90062485B /* AdMobANE_FW.h */,
				CE164B211F6C5A5C00035B1E /* FreMacros.h */,
			);
			path = Headers;
			sourceTree = "<group>";
		};
		90D0DE67250C11B300EE6302 /* Extensions */ = {
			isa = PBXGroup;
			children = (
				90D0DE68250C11D700EE6302 /* FreUMPDebugSettings.swift */,
				90D0DE6A250C12B600EE6302 /* FreUMPRequestParameters.swift */,
				90D0DE6F250C160900EE6302 /* FreNSError.swift */,
			);
			path = Extensions;
			sourceTree = "<group>";
		};
		90D0DE6C250C15B800EE6302 /* Events */ = {
			isa = PBXGroup;
			children = (
				90D0DE6D250C15D000EE6302 /* ConsentEvent.swift */,
			);
			path = Events;
			sourceTree = "<group>";
		};
		CE3980621E58BA7F0062485B = {
			isa = PBXGroup;
			children = (
				906FE53A23B18C35009A0559 /* AdMobANE */,
				907FA0312396D95D00A02384 /* .swiftlint.yml */,
				CE46CA6B1F5B6BC30067794D /* Frameworks */,
				CE39806C1E58BA7F0062485B /* Products */,
			);
			sourceTree = "<group>";
		};
		CE39806C1E58BA7F0062485B /* Products */ = {
			isa = PBXGroup;
			children = (
				CE39808A1E58BAA90062485B /* AdMobANE_FW.framework */,
				CE39809F1E58BEE10062485B /* libAdMobANE_LIB.a */,
			);
			name = Products;
			sourceTree = "<group>";
		};
		CE46CA6B1F5B6BC30067794D /* Frameworks */ = {
			isa = PBXGroup;
			children = (
				90D0DE5D250BD2CE00EE6302 /* GoogleUtilities.xcframework */,
				90D0DE5F250BD2DF00EE6302 /* nanopb.xcframework */,
				90D0DE61250BD2EF00EE6302 /* PromisesObjC.xcframework */,
				90D0DE63250BD2FA00EE6302 /* UserMessagingPlatform.framework */,
				90FAB91F23AE8C7600572B20 /* GoogleAppMeasurement.framework */,
				CE3311B41FCA3AA90032F25E /* FreSwift.framework */,
				CE46CA6C1F5B6C050067794D /* GoogleMobileAds.framework */,
			);
			name = Frameworks;
			sourceTree = "<group>";
		};
/* End PBXGroup section */

/* Begin PBXHeadersBuildPhase section */
		CE3980871E58BAA90062485B /* Headers */ = {
			isa = PBXHeadersBuildPhase;
			buildActionMask = 2147483647;
			files = (
				CE39808E1E58BAA90062485B /* AdMobANE_FW.h in Headers */,
				CE164B221F6C5A5C00035B1E /* FreMacros.h in Headers */,
			);
			runOnlyForDeploymentPostprocessing = 0;
		};
		CE3980AE1E58BF530062485B /* Headers */ = {
			isa = PBXHeadersBuildPhase;
			buildActionMask = 2147483647;
			files = (
			);
			runOnlyForDeploymentPostprocessing = 0;
		};
/* End PBXHeadersBuildPhase section */

/* Begin PBXNativeTarget section */
		CE3980891E58BAA90062485B /* AdMobANE_FW */ = {
			isa = PBXNativeTarget;
			buildConfigurationList = CE3980931E58BAA90062485B /* Build configuration list for PBXNativeTarget "AdMobANE_FW" */;
			buildPhases = (
				CE3980851E58BAA90062485B /* Sources */,
				CE3980861E58BAA90062485B /* Frameworks */,
				CE3980871E58BAA90062485B /* Headers */,
				CE7CFE052022903C007F9024 /* ShellScript */,
			);
			buildRules = (
			);
			dependencies = (
			);
			name = AdMobANE_FW;
			packageProductDependencies = (
				907FA02F2396D90B00A02384 /* SwiftyJSON */,
			);
			productName = SwiftIOSANE_FW;
			productReference = CE39808A1E58BAA90062485B /* AdMobANE_FW.framework */;
			productType = "com.apple.product-type.framework";
		};
		CE39809E1E58BEE10062485B /* AdMobANE_LIB */ = {
			isa = PBXNativeTarget;
			buildConfigurationList = CE3980A51E58BEE10062485B /* Build configuration list for PBXNativeTarget "AdMobANE_LIB" */;
			buildPhases = (
				CE39809B1E58BEE10062485B /* Sources */,
				CE39809C1E58BEE10062485B /* Frameworks */,
				CE3980AE1E58BF530062485B /* Headers */,
				CE3980B21E58C0D80062485B /* ShellScript */,
			);
			buildRules = (
			);
			dependencies = (
				CE3980B11E58C08A0062485B /* PBXTargetDependency */,
			);
			name = AdMobANE_LIB;
			productName = SwiftIOSANE_LIB;
			productReference = CE39809F1E58BEE10062485B /* libAdMobANE_LIB.a */;
			productType = "com.apple.product-type.library.static";
		};
/* End PBXNativeTarget section */

/* Begin PBXProject section */
		CE3980631E58BA7F0062485B /* Project object */ = {
			isa = PBXProject;
			attributes = {
				LastUpgradeCheck = 1100;
				ORGANIZATIONNAME = "Tua Rua Ltd";
				TargetAttributes = {
					CE3980891E58BAA90062485B = {
						CreatedOnToolsVersion = 8.2;
						DevelopmentTeam = FWEQJ32FGC;
						LastSwiftMigration = 1100;
						ProvisioningStyle = Manual;
					};
					CE39809E1E58BEE10062485B = {
						CreatedOnToolsVersion = 8.2;
						ProvisioningStyle = Automatic;
					};
				};
			};
			buildConfigurationList = CE3980661E58BA7F0062485B /* Build configuration list for PBXProject "AdMobANE" */;
			compatibilityVersion = "Xcode 10.0";
			developmentRegion = en;
			hasScannedForEncodings = 0;
			knownRegions = (
				en,
				Base,
			);
			mainGroup = CE3980621E58BA7F0062485B;
			packageReferences = (
				907FA02E2396D90B00A02384 /* XCRemoteSwiftPackageReference "SwiftyJSON" */,
			);
			productRefGroup = CE39806C1E58BA7F0062485B /* Products */;
			projectDirPath = "";
			projectRoot = "";
			targets = (
				CE3980891E58BAA90062485B /* AdMobANE_FW */,
				CE39809E1E58BEE10062485B /* AdMobANE_LIB */,
			);
		};
/* End PBXProject section */

/* Begin PBXShellScriptBuildPhase section */
		CE3980B21E58C0D80062485B /* ShellScript */ = {
			isa = PBXShellScriptBuildPhase;
			buildActionMask = 8;
			files = (
			);
			inputPaths = (
			);
			outputPaths = (
			);
			runOnlyForDeploymentPostprocessing = 1;
			shellPath = /bin/sh;
			shellScript = "../../../native_extension/ane/build.sh\n";
		};
		CE7CFE052022903C007F9024 /* ShellScript */ = {
			isa = PBXShellScriptBuildPhase;
			buildActionMask = 12;
			files = (
			);
			inputPaths = (
			);
			outputPaths = (
			);
			runOnlyForDeploymentPostprocessing = 0;
			shellPath = /bin/sh;
			shellScript = "if which swiftlint >/dev/null; then\nswiftlint\nelse\necho \"warning: SwiftLint not installed, download from https://github.com/realm/SwiftLint\"\nfi\n";
		};
/* End PBXShellScriptBuildPhase section */

/* Begin PBXSourcesBuildPhase section */
		CE3980851E58BAA90062485B /* Sources */ = {
			isa = PBXSourcesBuildPhase;
			buildActionMask = 2147483647;
			files = (
				CE43C32F1F5CA4E1002170F2 /* InterstitialController.swift in Sources */,
				90D0DE70250C160900EE6302 /* FreNSError.swift in Sources */,
				CEB5ED151F5C56F900AE8B16 /* Constants.swift in Sources */,
				90D0DE69250C11D700EE6302 /* FreUMPDebugSettings.swift in Sources */,
				CE8BC49520B192D3009164ED /* SwiftController+FreSwift.swift in Sources */,
				90D0DE6E250C15D000EE6302 /* ConsentEvent.swift in Sources */,
				90D0DE6B250C12B600EE6302 /* FreUMPRequestParameters.swift in Sources */,
				CE3980981E58BB070062485B /* SwiftController.swift in Sources */,
				CEB5ED171F5C578500AE8B16 /* Position.swift in Sources */,
				90326851210E39D800B5A1B2 /* URL.swift in Sources */,
				90D0DE66250BD34300EE6302 /* ConsentController.swift in Sources */,
				CE827F7C1F5C041F0041D809 /* BannerController.swift in Sources */,
				CE46CA701F5B73650067794D /* Targeting.swift in Sources */,
				CE95E4931F6D745500BC0F46 /* RewardVideoController.swift in Sources */,
			);
			runOnlyForDeploymentPostprocessing = 0;
		};
		CE39809B1E58BEE10062485B /* Sources */ = {
			isa = PBXSourcesBuildPhase;
			buildActionMask = 2147483647;
			files = (
				285FECB67C2311471C2CD119 /* AdMobANE_LIB.m in Sources */,
			);
			runOnlyForDeploymentPostprocessing = 0;
		};
/* End PBXSourcesBuildPhase section */

/* Begin PBXTargetDependency section */
		CE3980B11E58C08A0062485B /* PBXTargetDependency */ = {
			isa = PBXTargetDependency;
			platformFilter = ios;
			target = CE3980891E58BAA90062485B /* AdMobANE_FW */;
			targetProxy = CE3980B01E58C08A0062485B /* PBXContainerItemProxy */;
		};
/* End PBXTargetDependency section */

/* Begin XCBuildConfiguration section */
		CE3980801E58BA7F0062485B /* Debug */ = {
			isa = XCBuildConfiguration;
			buildSettings = {
				ALWAYS_SEARCH_USER_PATHS = NO;
				CLANG_ANALYZER_LOCALIZABILITY_NONLOCALIZED = YES;
				CLANG_ANALYZER_NONNULL = YES;
				CLANG_CXX_LANGUAGE_STANDARD = "gnu++0x";
				CLANG_CXX_LIBRARY = "libc++";
				CLANG_ENABLE_MODULES = YES;
				CLANG_ENABLE_OBJC_ARC = YES;
				CLANG_WARN_BLOCK_CAPTURE_AUTORELEASING = YES;
				CLANG_WARN_BOOL_CONVERSION = YES;
				CLANG_WARN_COMMA = YES;
				CLANG_WARN_CONSTANT_CONVERSION = YES;
				CLANG_WARN_DEPRECATED_OBJC_IMPLEMENTATIONS = YES;
				CLANG_WARN_DIRECT_OBJC_ISA_USAGE = YES_ERROR;
				CLANG_WARN_DOCUMENTATION_COMMENTS = YES;
				CLANG_WARN_EMPTY_BODY = YES;
				CLANG_WARN_ENUM_CONVERSION = YES;
				CLANG_WARN_INFINITE_RECURSION = YES;
				CLANG_WARN_INT_CONVERSION = YES;
				CLANG_WARN_NON_LITERAL_NULL_CONVERSION = YES;
				CLANG_WARN_OBJC_IMPLICIT_RETAIN_SELF = YES;
				CLANG_WARN_OBJC_LITERAL_CONVERSION = YES;
				CLANG_WARN_OBJC_ROOT_CLASS = YES_ERROR;
				CLANG_WARN_RANGE_LOOP_ANALYSIS = YES;
				CLANG_WARN_STRICT_PROTOTYPES = YES;
				CLANG_WARN_SUSPICIOUS_MOVE = YES;
				CLANG_WARN_UNREACHABLE_CODE = YES;
				CLANG_WARN__DUPLICATE_METHOD_MATCH = YES;
				"CODE_SIGN_IDENTITY[sdk=iphoneos*]" = "";
				COPY_PHASE_STRIP = NO;
				DEBUG_INFORMATION_FORMAT = dwarf;
				DEVELOPMENT_TEAM = J5NM3RJ6B6;
				ENABLE_BITCODE = NO;
				ENABLE_STRICT_OBJC_MSGSEND = YES;
				ENABLE_TESTABILITY = YES;
				GCC_C_LANGUAGE_STANDARD = gnu99;
				GCC_DYNAMIC_NO_PIC = NO;
				GCC_NO_COMMON_BLOCKS = YES;
				GCC_OPTIMIZATION_LEVEL = 0;
				GCC_PREPROCESSOR_DEFINITIONS = (
					"DEBUG=1",
					"$(inherited)",
				);
				GCC_WARN_64_TO_32_BIT_CONVERSION = YES;
				GCC_WARN_ABOUT_RETURN_TYPE = YES_ERROR;
				GCC_WARN_UNDECLARED_SELECTOR = YES;
				GCC_WARN_UNINITIALIZED_AUTOS = YES_AGGRESSIVE;
				GCC_WARN_UNUSED_FUNCTION = YES;
				GCC_WARN_UNUSED_VARIABLE = YES;
				IPHONEOS_DEPLOYMENT_TARGET = 9.0;
				MTL_ENABLE_DEBUG_INFO = YES;
				ONLY_ACTIVE_ARCH = YES;
				SDKROOT = iphoneos;
				TARGETED_DEVICE_FAMILY = "1,2";
			};
			name = Debug;
		};
		CE3980811E58BA7F0062485B /* Release */ = {
			isa = XCBuildConfiguration;
			buildSettings = {
				ALWAYS_SEARCH_USER_PATHS = NO;
				CLANG_ANALYZER_LOCALIZABILITY_NONLOCALIZED = YES;
				CLANG_ANALYZER_NONNULL = YES;
				CLANG_CXX_LANGUAGE_STANDARD = "gnu++0x";
				CLANG_CXX_LIBRARY = "libc++";
				CLANG_ENABLE_MODULES = YES;
				CLANG_ENABLE_OBJC_ARC = YES;
				CLANG_WARN_BLOCK_CAPTURE_AUTORELEASING = YES;
				CLANG_WARN_BOOL_CONVERSION = YES;
				CLANG_WARN_COMMA = YES;
				CLANG_WARN_CONSTANT_CONVERSION = YES;
				CLANG_WARN_DEPRECATED_OBJC_IMPLEMENTATIONS = YES;
				CLANG_WARN_DIRECT_OBJC_ISA_USAGE = YES_ERROR;
				CLANG_WARN_DOCUMENTATION_COMMENTS = YES;
				CLANG_WARN_EMPTY_BODY = YES;
				CLANG_WARN_ENUM_CONVERSION = YES;
				CLANG_WARN_INFINITE_RECURSION = YES;
				CLANG_WARN_INT_CONVERSION = YES;
				CLANG_WARN_NON_LITERAL_NULL_CONVERSION = YES;
				CLANG_WARN_OBJC_IMPLICIT_RETAIN_SELF = YES;
				CLANG_WARN_OBJC_LITERAL_CONVERSION = YES;
				CLANG_WARN_OBJC_ROOT_CLASS = YES_ERROR;
				CLANG_WARN_RANGE_LOOP_ANALYSIS = YES;
				CLANG_WARN_STRICT_PROTOTYPES = YES;
				CLANG_WARN_SUSPICIOUS_MOVE = YES;
				CLANG_WARN_UNREACHABLE_CODE = YES;
				CLANG_WARN__DUPLICATE_METHOD_MATCH = YES;
				"CODE_SIGN_IDENTITY[sdk=iphoneos*]" = "";
				COPY_PHASE_STRIP = NO;
				DEBUG_INFORMATION_FORMAT = "dwarf-with-dsym";
				DEVELOPMENT_TEAM = J5NM3RJ6B6;
				ENABLE_BITCODE = NO;
				ENABLE_NS_ASSERTIONS = NO;
				ENABLE_STRICT_OBJC_MSGSEND = YES;
				GCC_C_LANGUAGE_STANDARD = gnu99;
				GCC_NO_COMMON_BLOCKS = YES;
				GCC_WARN_64_TO_32_BIT_CONVERSION = YES;
				GCC_WARN_ABOUT_RETURN_TYPE = YES_ERROR;
				GCC_WARN_UNDECLARED_SELECTOR = YES;
				GCC_WARN_UNINITIALIZED_AUTOS = YES_AGGRESSIVE;
				GCC_WARN_UNUSED_FUNCTION = YES;
				GCC_WARN_UNUSED_VARIABLE = YES;
				IPHONEOS_DEPLOYMENT_TARGET = 9.0;
				MTL_ENABLE_DEBUG_INFO = NO;
				SDKROOT = iphoneos;
				SWIFT_COMPILATION_MODE = wholemodule;
				SWIFT_OPTIMIZATION_LEVEL = "-O";
				TARGETED_DEVICE_FAMILY = "1,2";
				VALIDATE_PRODUCT = YES;
			};
			name = Release;
		};
		CE3980941E58BAA90062485B /* Debug */ = {
			isa = XCBuildConfiguration;
			buildSettings = {
				ALWAYS_EMBED_SWIFT_STANDARD_LIBRARIES = YES;
				CLANG_CXX_LANGUAGE_STANDARD = "compiler-default";
				CLANG_CXX_LIBRARY = "compiler-default";
				CLANG_ENABLE_MODULES = YES;
				CODE_SIGN_IDENTITY = "";
				"CODE_SIGN_IDENTITY[sdk=iphoneos*]" = "";
				CURRENT_PROJECT_VERSION = 1;
				DEFINES_MODULE = YES;
				DEVELOPMENT_TEAM = "";
				DYLIB_COMPATIBILITY_VERSION = 1;
				DYLIB_CURRENT_VERSION = 1;
				DYLIB_INSTALL_NAME_BASE = "@rpath";
				ENABLE_BITCODE = NO;
				FRAMEWORK_SEARCH_PATHS = (
					"$(inherited)",
					"$(PROJECT_DIR)/Frameworks",
					"$(PROJECT_DIR)/Carthage/Build/iOS",
				);
				GCC_C_LANGUAGE_STANDARD = "compiler-default";
				INFOPLIST_FILE = AdMobANE/Misc/Info.plist;
				INSTALL_PATH = "$(LOCAL_LIBRARY_DIR)/Frameworks";
				IPHONEOS_DEPLOYMENT_TARGET = 9.0;
				LD_RUNPATH_SEARCH_PATHS = (
					"$(inherited)",
					"@executable_path/Frameworks",
					"@loader_path/Frameworks",
				);
				MARKETING_VERSION = 2.6.0;
				ONLY_ACTIVE_ARCH = NO;
				OTHER_LDFLAGS = "-ObjC";
				PRODUCT_BUNDLE_IDENTIFIER = com.tuarua.AdMobANE;
				PRODUCT_NAME = "$(TARGET_NAME)";
				PROVISIONING_PROFILE_SPECIFIER = "";
				SKIP_INSTALL = YES;
				SUPPORTS_MACCATALYST = NO;
				SWIFT_ACTIVE_COMPILATION_CONDITIONS = DEBUG;
				SWIFT_OBJC_INTERFACE_HEADER_NAME = "AdMobANE_FW-Swift.h";
				SWIFT_OPTIMIZATION_LEVEL = "-Onone";
				SWIFT_SWIFT3_OBJC_INFERENCE = Default;
				SWIFT_VERSION = 5.0;
				VERSIONING_SYSTEM = "apple-generic";
				VERSION_INFO_PREFIX = "";
			};
			name = Debug;
		};
		CE3980951E58BAA90062485B /* Release */ = {
			isa = XCBuildConfiguration;
			buildSettings = {
				ALWAYS_EMBED_SWIFT_STANDARD_LIBRARIES = YES;
				CLANG_CXX_LANGUAGE_STANDARD = "compiler-default";
				CLANG_CXX_LIBRARY = "compiler-default";
				CLANG_ENABLE_MODULES = YES;
				CODE_SIGN_IDENTITY = "";
				"CODE_SIGN_IDENTITY[sdk=iphoneos*]" = "";
				CURRENT_PROJECT_VERSION = 1;
				DEFINES_MODULE = YES;
				DEVELOPMENT_TEAM = "";
				DYLIB_COMPATIBILITY_VERSION = 1;
				DYLIB_CURRENT_VERSION = 1;
				DYLIB_INSTALL_NAME_BASE = "@rpath";
				ENABLE_BITCODE = NO;
				FRAMEWORK_SEARCH_PATHS = (
					"$(inherited)",
					"$(PROJECT_DIR)/Frameworks",
					"$(PROJECT_DIR)/Carthage/Build/iOS",
				);
				GCC_C_LANGUAGE_STANDARD = "compiler-default";
				INFOPLIST_FILE = AdMobANE/Misc/Info.plist;
				INSTALL_PATH = "$(LOCAL_LIBRARY_DIR)/Frameworks";
				IPHONEOS_DEPLOYMENT_TARGET = 9.0;
				LD_RUNPATH_SEARCH_PATHS = (
					"$(inherited)",
					"@executable_path/Frameworks",
					"@loader_path/Frameworks",
				);
				MARKETING_VERSION = 2.6.0;
				ONLY_ACTIVE_ARCH = NO;
				OTHER_LDFLAGS = "-ObjC";
				PRODUCT_BUNDLE_IDENTIFIER = com.tuarua.AdMobANE;
				PRODUCT_NAME = "$(TARGET_NAME)";
				PROVISIONING_PROFILE_SPECIFIER = "";
				SKIP_INSTALL = YES;
				SUPPORTS_MACCATALYST = NO;
				SWIFT_COMPILATION_MODE = wholemodule;
				SWIFT_OBJC_INTERFACE_HEADER_NAME = "AdMobANE_FW-Swift.h";
				SWIFT_OPTIMIZATION_LEVEL = "-O";
				SWIFT_SWIFT3_OBJC_INFERENCE = Default;
				SWIFT_VERSION = 5.0;
				VERSIONING_SYSTEM = "apple-generic";
				VERSION_INFO_PREFIX = "";
			};
			name = Release;
		};
		CE3980A61E58BEE10062485B /* Debug */ = {
			isa = XCBuildConfiguration;
			buildSettings = {
				CLANG_CXX_LANGUAGE_STANDARD = "compiler-default";
				CLANG_CXX_LIBRARY = "compiler-default";
				CODE_SIGN_IDENTITY = "";
				"CODE_SIGN_IDENTITY[sdk=iphoneos*]" = "";
				DEVELOPMENT_TEAM = "";
				ENABLE_BITCODE = NO;
				FRAMEWORK_SEARCH_PATHS = (
					"$(inherited)",
					"$(PROJECT_DIR)/Frameworks",
					"$(PROJECT_DIR)/Carthage/Build/iOS",
				);
				GCC_C_LANGUAGE_STANDARD = "compiler-default";
				LD_RUNPATH_SEARCH_PATHS = (
					"$(inherited)",
					"@rpath",
					"@loader_path",
					"@executable_path/Frameworks",
					"@executable_path",
				);
				ONLY_ACTIVE_ARCH = NO;
				OTHER_LDFLAGS = "-ObjC";
				PRODUCT_NAME = "$(TARGET_NAME)";
				SKIP_INSTALL = YES;
			};
			name = Debug;
		};
		CE3980A71E58BEE10062485B /* Release */ = {
			isa = XCBuildConfiguration;
			buildSettings = {
				CLANG_CXX_LANGUAGE_STANDARD = "compiler-default";
				CLANG_CXX_LIBRARY = "compiler-default";
				CODE_SIGN_IDENTITY = "";
				"CODE_SIGN_IDENTITY[sdk=iphoneos*]" = "";
				DEVELOPMENT_TEAM = "";
				ENABLE_BITCODE = NO;
				FRAMEWORK_SEARCH_PATHS = (
					"$(inherited)",
					"$(PROJECT_DIR)/Frameworks",
					"$(PROJECT_DIR)/Carthage/Build/iOS",
				);
				GCC_C_LANGUAGE_STANDARD = "compiler-default";
				LD_RUNPATH_SEARCH_PATHS = (
					"$(inherited)",
					"@rpath",
					"@loader_path",
					"@executable_path/Frameworks",
					"@executable_path",
				);
				ONLY_ACTIVE_ARCH = NO;
				OTHER_LDFLAGS = "-ObjC";
				PRODUCT_NAME = "$(TARGET_NAME)";
				SKIP_INSTALL = YES;
			};
			name = Release;
		};
/* End XCBuildConfiguration section */

/* Begin XCConfigurationList section */
		CE3980661E58BA7F0062485B /* Build configuration list for PBXProject "AdMobANE" */ = {
			isa = XCConfigurationList;
			buildConfigurations = (
				CE3980801E58BA7F0062485B /* Debug */,
				CE3980811E58BA7F0062485B /* Release */,
			);
			defaultConfigurationIsVisible = 0;
			defaultConfigurationName = Release;
		};
		CE3980931E58BAA90062485B /* Build configuration list for PBXNativeTarget "AdMobANE_FW" */ = {
			isa = XCConfigurationList;
			buildConfigurations = (
				CE3980941E58BAA90062485B /* Debug */,
				CE3980951E58BAA90062485B /* Release */,
			);
			defaultConfigurationIsVisible = 0;
			defaultConfigurationName = Release;
		};
		CE3980A51E58BEE10062485B /* Build configuration list for PBXNativeTarget "AdMobANE_LIB" */ = {
			isa = XCConfigurationList;
			buildConfigurations = (
				CE3980A61E58BEE10062485B /* Debug */,
				CE3980A71E58BEE10062485B /* Release */,
			);
			defaultConfigurationIsVisible = 0;
			defaultConfigurationName = Release;
		};
/* End XCConfigurationList section */

/* Begin XCRemoteSwiftPackageReference section */
		907FA02E2396D90B00A02384 /* XCRemoteSwiftPackageReference "SwiftyJSON" */ = {
			isa = XCRemoteSwiftPackageReference;
			repositoryURL = "https://github.com/SwiftyJSON/SwiftyJSON.git";
			requirement = {
				kind = upToNextMajorVersion;
				minimumVersion = 5.0.0;
			};
		};
/* End XCRemoteSwiftPackageReference section */

/* Begin XCSwiftPackageProductDependency section */
		907FA02F2396D90B00A02384 /* SwiftyJSON */ = {
			isa = XCSwiftPackageProductDependency;
			package = 907FA02E2396D90B00A02384 /* XCRemoteSwiftPackageReference "SwiftyJSON" */;
			productName = SwiftyJSON;
		};
/* End XCSwiftPackageProductDependency section */
	};
	rootObject = CE3980631E58BA7F0062485B /* Project object */;
}
